
Microsoft Visual Studio Solution File, Format Version 12.00
# Visual Studio Version 17
VisualStudioVersion = 17.12.35707.178
MinimumVisualStudioVersion = 10.0.40219.1
Project("{FAE04EC0-301F-11D3-BF4B-00C04F79EFBC}") = "TaskMDesktop", "TaskMDesktop\TaskMDesktop.csproj", "{DA1BC158-4045-4BBE-BA92-D7B9070C1816}"
EndProject
Project("{FAE04EC0-301F-11D3-BF4B-00C04F79EFBC}") = "Connect", "Connect\Connect.csproj", "{B5F4C5F3-3AE5-405A-B7C7-5FEF9B76F62F}"
EndProject
Global
	GlobalSection(SolutionConfigurationPlatforms) = preSolution
		Debug|Any CPU = Debug|Any CPU
		Release|Any CPU = Release|Any CPU
	EndGlobalSection
	GlobalSection(ProjectConfigurationPlatforms) = postSolution
		{DA1BC158-4045-4BBE-BA92-D7B9070C1816}.Debug|Any CPU.ActiveCfg = Debug|Any CPU
		{DA1BC158-4045-4BBE-BA92-D7B9070C1816}.Debug|Any CPU.Build.0 = Debug|Any CPU
		{DA1BC158-4045-4BBE-BA92-D7B9070C1816}.Release|Any CPU.ActiveCfg = Release|Any CPU
		{DA1BC158-4045-4BBE-BA92-D7B9070C1816}.Release|Any CPU.Build.0 = Release|Any CPU
		{B5F4C5F3-3AE5-405A-B7C7-5FEF9B76F62F}.Debug|Any CPU.ActiveCfg = Debug|Any CPU
		{B5F4C5F3-3AE5-405A-B7C7-5FEF9B76F62F}.Debug|Any CPU.Build.0 = Debug|Any CPU
		{B5F4C5F3-3AE5-405A-B7C7-5FEF9B76F62F}.Release|Any CPU.ActiveCfg = Release|Any CPU
		{B5F4C5F3-3AE5-405A-B7C7-5FEF9B76F62F}.Release|Any CPU.Build.0 = Release|Any CPU
	EndGlobalSection
	GlobalSection(SolutionProperties) = preSolution
		HideSolutionNode = FALSE
	EndGlobalSection
EndGlobal
